
Microsoft Visual Studio Solution File, Format Version 12.00
# Visual Studio Version 16
VisualStudioVersion = 16.0.30413.136
MinimumVisualStudioVersion = 10.0.40219.1
Project("{9A19103F-16F7-4668-BE54-9A1E7A4F7556}") = "AdminDashboard", "AdminDashboard.csproj", "{647AF0E7-883E-450D-850F-4CDCE369FDBC}"
EndProject
Global
	GlobalSection(SolutionConfigurationPlatforms) = preSolution
		Debug|Any CPU = Debug|Any CPU
		Release|Any CPU = Release|Any CPU
	EndGlobalSection
	GlobalSection(ProjectConfigurationPlatforms) = postSolution
		{647AF0E7-883E-450D-850F-4CDCE369FDBC}.Debug|Any CPU.ActiveCfg = Debug|Any CPU
		{647AF0E7-883E-450D-850F-4CDCE369FDBC}.Debug|Any CPU.Build.0 = Debug|Any CPU
		{647AF0E7-883E-450D-850F-4CDCE369FDBC}.Release|Any CPU.ActiveCfg = Release|Any CPU
		{647AF0E7-883E-450D-850F-4CDCE369FDBC}.Release|Any CPU.Build.0 = Release|Any CPU
	EndGlobalSection
	GlobalSection(SolutionProperties) = preSolution
		HideSolutionNode = FALSE
	EndGlobalSection
	GlobalSection(ExtensibilityGlobals) = postSolution
		SolutionGuid = {AC59C7C1-4540-41A1-B84A-01B08D60C501}
	EndGlobalSection
EndGlobal
